
Microsoft Visual Studio Solution File, Format Version 12.00
# Visual Studio Version 17
VisualStudioVersion = 17.2.32516.85
MinimumVisualStudioVersion = 10.0.40219.1
Project("{FAE04EC0-301F-11D3-BF4B-00C04F79EFBC}") = "JSON Inventory Management", "JSON Inventory Management\JSON Inventory Management.csproj", "{4718AC5C-8532-4A3F-BABD-05711DC73360}"
EndProject
Global
	GlobalSection(SolutionConfigurationPlatforms) = preSolution
		Debug|Any CPU = Debug|Any CPU
		Release|Any CPU = Release|Any CPU
	EndGlobalSection
	GlobalSection(ProjectConfigurationPlatforms) = postSolution
		{4718AC5C-8532-4A3F-BABD-05711DC73360}.Debug|Any CPU.ActiveCfg = Debug|Any CPU
		{4718AC5C-8532-4A3F-BABD-05711DC73360}.Debug|Any CPU.Build.0 = Debug|Any CPU
		{4718AC5C-8532-4A3F-BABD-05711DC73360}.Release|Any CPU.ActiveCfg = Release|Any CPU
		{4718AC5C-8532-4A3F-BABD-05711DC73360}.Release|Any CPU.Build.0 = Release|Any CPU
	EndGlobalSection
	GlobalSection(SolutionProperties) = preSolution
		HideSolutionNode = FALSE
	EndGlobalSection
	GlobalSection(ExtensibilityGlobals) = postSolution
		SolutionGuid = {5DCECE40-5E29-4407-A047-989384D74B88}
	EndGlobalSection
EndGlobal
